
Microsoft Visual Studio Solution File, Format Version 12.00
# Visual Studio Version 17
VisualStudioVersion = 17.8.34525.116
MinimumVisualStudioVersion = 10.0.40219.1
Project("{FAE04EC0-301F-11D3-BF4B-00C04F79EFBC}") = "WindowsFormsApp", "WindowsFormsApp\WindowsFormsApp.csproj", "{DDF88609-7237-4502-B5F5-E9E74ED2A342}"
EndProject
Global
	GlobalSection(SolutionConfigurationPlatforms) = preSolution
		Debug|Any CPU = Debug|Any CPU
		Release|Any CPU = Release|Any CPU
	EndGlobalSection
	GlobalSection(ProjectConfigurationPlatforms) = postSolution
		{DDF88609-7237-4502-B5F5-E9E74ED2A342}.Debug|Any CPU.ActiveCfg = Debug|Any CPU
		{DDF88609-7237-4502-B5F5-E9E74ED2A342}.Debug|Any CPU.Build.0 = Debug|Any CPU
		{DDF88609-7237-4502-B5F5-E9E74ED2A342}.Release|Any CPU.ActiveCfg = Release|Any CPU
		{DDF88609-7237-4502-B5F5-E9E74ED2A342}.Release|Any CPU.Build.0 = Release|Any CPU
	EndGlobalSection
	GlobalSection(SolutionProperties) = preSolution
		HideSolutionNode = FALSE
	EndGlobalSection
	GlobalSection(ExtensibilityGlobals) = postSolution
		SolutionGuid = {EBAF34F1-0E76-4FD7-8E87-8D56973DA21A}
	EndGlobalSection
EndGlobal
